
Microsoft Visual Studio Solution File, Format Version 12.00
# Visual Studio 15
VisualStudioVersion = 15.0.28307.1525
MinimumVisualStudioVersion = 10.0.40219.1
Project("{FAE04EC0-301F-11D3-BF4B-00C04F79EFBC}") = "Announcement", "Announcement\Announcement.csproj", "{4B54D287-ECB7-44C9-9D84-FEE3D8064FC0}"
EndProject
Global
	GlobalSection(SolutionConfigurationPlatforms) = preSolution
		Debug|Any CPU = Debug|Any CPU
		Release|Any CPU = Release|Any CPU
	EndGlobalSection
	GlobalSection(ProjectConfigurationPlatforms) = postSolution
		{4B54D287-ECB7-44C9-9D84-FEE3D8064FC0}.Debug|Any CPU.ActiveCfg = Debug|Any CPU
		{4B54D287-ECB7-44C9-9D84-FEE3D8064FC0}.Debug|Any CPU.Build.0 = Debug|Any CPU
		{4B54D287-ECB7-44C9-9D84-FEE3D8064FC0}.Release|Any CPU.ActiveCfg = Release|Any CPU
		{4B54D287-ECB7-44C9-9D84-FEE3D8064FC0}.Release|Any CPU.Build.0 = Release|Any CPU
	EndGlobalSection
	GlobalSection(SolutionProperties) = preSolution
		HideSolutionNode = FALSE
	EndGlobalSection
	GlobalSection(ExtensibilityGlobals) = postSolution
		SolutionGuid = {5145771E-F8A6-4FF7-B3CF-F382472009C4}
	EndGlobalSection
EndGlobal
